
Microsoft Visual Studio Solution File, Format Version 12.00
# Visual Studio Version 17
VisualStudioVersion = 17.0.31912.275
MinimumVisualStudioVersion = 10.0.40219.1
Project("{FAE04EC0-301F-11D3-BF4B-00C04F79EFBC}") = "1consol", "1consol\1consol.csproj", "{A52637DC-9758-4DC6-95C8-57BF3DDC1DC1}"
EndProject
Global
	GlobalSection(SolutionConfigurationPlatforms) = preSolution
		Debug|Any CPU = Debug|Any CPU
		Release|Any CPU = Release|Any CPU
	EndGlobalSection
	GlobalSection(ProjectConfigurationPlatforms) = postSolution
		{A52637DC-9758-4DC6-95C8-57BF3DDC1DC1}.Debug|Any CPU.ActiveCfg = Debug|Any CPU
		{A52637DC-9758-4DC6-95C8-57BF3DDC1DC1}.Debug|Any CPU.Build.0 = Debug|Any CPU
		{A52637DC-9758-4DC6-95C8-57BF3DDC1DC1}.Release|Any CPU.ActiveCfg = Release|Any CPU
		{A52637DC-9758-4DC6-95C8-57BF3DDC1DC1}.Release|Any CPU.Build.0 = Release|Any CPU
	EndGlobalSection
	GlobalSection(SolutionProperties) = preSolution
		HideSolutionNode = FALSE
	EndGlobalSection
	GlobalSection(ExtensibilityGlobals) = postSolution
		SolutionGuid = {EA3440DF-9CC0-494B-8642-D05A96A539BE}
	EndGlobalSection
EndGlobal
